{
  "name": "node2",
  "version": "1.0.0",
  "lockfileVersion": 1,
  "requires": true,
  "dependencies": {
    "months": {
      "version": "2.1.0",
      "resolved": "https://registry.npmjs.org/months/-/months-2.1.0.tgz",
      "integrity": "sha512-2M9gdDB/uVt304/hJ3k2UIquJhOV5dRjp9BovHmZSINaRp7pdJuHXxOcuSjmJaKNomFyYyu0y3LBigdWiAUEmQ=="
    }
  }
}
